
Microsoft Visual Studio Solution File, Format Version 12.00
# Visual Studio 15
VisualStudioVersion = 15.0.26403.7
MinimumVisualStudioVersion = 10.0.40219.1
Project("{FAE04EC0-301F-11D3-BF4B-00C04F79EFBC}") = "DCCore.Domain", "DCCore.Domain\DCCore.Domain.csproj", "{5FB70035-8168-4912-BB6F-CC883E7FE04B}"
EndProject
Project("{FAE04EC0-301F-11D3-BF4B-00C04F79EFBC}") = "DCCore.EntityFramework", "DCCore.EntityFramework\DCCore.EntityFramework.csproj", "{FAFD9F2E-CBE9-43DF-BC15-6DAFE0B674D4}"
EndProject
Project("{FAE04EC0-301F-11D3-BF4B-00C04F79EFBC}") = "DCCore.WebMvc", "DCCore.WebMvc\DCCore.WebMvc.csproj", "{02BCF695-2BB7-435B-8E44-60E60A85B28B}"
EndProject
Global
	GlobalSection(SolutionConfigurationPlatforms) = preSolution
		Debug|Any CPU = Debug|Any CPU
		Release|Any CPU = Release|Any CPU
	EndGlobalSection
	GlobalSection(ProjectConfigurationPlatforms) = postSolution
		{5FB70035-8168-4912-BB6F-CC883E7FE04B}.Debug|Any CPU.ActiveCfg = Debug|Any CPU
		{5FB70035-8168-4912-BB6F-CC883E7FE04B}.Debug|Any CPU.Build.0 = Debug|Any CPU
		{5FB70035-8168-4912-BB6F-CC883E7FE04B}.Release|Any CPU.ActiveCfg = Release|Any CPU
		{5FB70035-8168-4912-BB6F-CC883E7FE04B}.Release|Any CPU.Build.0 = Release|Any CPU
		{FAFD9F2E-CBE9-43DF-BC15-6DAFE0B674D4}.Debug|Any CPU.ActiveCfg = Debug|Any CPU
		{FAFD9F2E-CBE9-43DF-BC15-6DAFE0B674D4}.Debug|Any CPU.Build.0 = Debug|Any CPU
		{FAFD9F2E-CBE9-43DF-BC15-6DAFE0B674D4}.Release|Any CPU.ActiveCfg = Release|Any CPU
		{FAFD9F2E-CBE9-43DF-BC15-6DAFE0B674D4}.Release|Any CPU.Build.0 = Release|Any CPU
		{02BCF695-2BB7-435B-8E44-60E60A85B28B}.Debug|Any CPU.ActiveCfg = Debug|Any CPU
		{02BCF695-2BB7-435B-8E44-60E60A85B28B}.Debug|Any CPU.Build.0 = Debug|Any CPU
		{02BCF695-2BB7-435B-8E44-60E60A85B28B}.Release|Any CPU.ActiveCfg = Release|Any CPU
		{02BCF695-2BB7-435B-8E44-60E60A85B28B}.Release|Any CPU.Build.0 = Release|Any CPU
	EndGlobalSection
	GlobalSection(SolutionProperties) = preSolution
		HideSolutionNode = FALSE
	EndGlobalSection
EndGlobal
